Microsoft Visual Studio Solution File, Format Version 12.00
# Visual Studio Version 16
VisualStudioVersion = 16.0.0.0
MinimumVisualStudioVersion = 16.0.0.0
Project("{9A19103F-16F7-4668-BE54-9A1E7A4F7556}") = "BlazorSignalRSample.Client", "Client\BlazorSignalRSample.Client.csproj", "{FE8E6ADA-6516-4D09-8D23-E69FB32E37C3}"
EndProject
Global
	GlobalSection(SolutionConfigurationPlatforms) = preSolution
		Debug|Any CPU = Debug|Any CPU
		Debug|x64 = Debug|x64
		Debug|x86 = Debug|x86
		Release|Any CPU = Release|Any CPU
		Release|x64 = Release|x64
		Release|x86 = Release|x86
	EndGlobalSection
	GlobalSection(ProjectConfigurationPlatforms) = postSolution
		{FE8E6ADA-6516-4D09-8D23-E69FB32E37C3}.Debug|Any CPU.ActiveCfg = Debug|Any CPU
		{FE8E6ADA-6516-4D09-8D23-E69FB32E37C3}.Debug|Any CPU.Build.0 = Debug|Any CPU
		{FE8E6ADA-6516-4D09-8D23-E69FB32E37C3}.Debug|x64.ActiveCfg = Debug|Any CPU
		{FE8E6ADA-6516-4D09-8D23-E69FB32E37C3}.Debug|x64.Build.0 = Debug|Any CPU
		{FE8E6ADA-6516-4D09-8D23-E69FB32E37C3}.Debug|x86.ActiveCfg = Debug|Any CPU
		{FE8E6ADA-6516-4D09-8D23-E69FB32E37C3}.Debug|x86.Build.0 = Debug|Any CPU
		{FE8E6ADA-6516-4D09-8D23-E69FB32E37C3}.Release|Any CPU.ActiveCfg = Release|Any CPU
		{FE8E6ADA-6516-4D09-8D23-E69FB32E37C3}.Release|Any CPU.Build.0 = Release|Any CPU
		{FE8E6ADA-6516-4D09-8D23-E69FB32E37C3}.Release|x64.ActiveCfg = Release|Any CPU
		{FE8E6ADA-6516-4D09-8D23-E69FB32E37C3}.Release|x64.Build.0 = Release|Any CPU
		{FE8E6ADA-6516-4D09-8D23-E69FB32E37C3}.Release|x86.ActiveCfg = Release|Any CPU
		{FE8E6ADA-6516-4D09-8D23-E69FB32E37C3}.Release|x86.Build.0 = Release|Any CPU
	EndGlobalSection
	GlobalSection(SolutionProperties) = preSolution
		HideSolutionNode = FALSE
	EndGlobalSection
	GlobalSection(ExtensibilityGlobals) = postSolution
		SolutionGuid = {C017029D-E180-473F-A403-1E6C49B6D336}
	EndGlobalSection
EndGlobal
